# This file is autogenerated, do not edit; changes may be undone by the next 'dep ensure'.


[[projects]]
  branch = "master"
  digest = "1:71d7d9e09b5ea13986594c717d0ed25e809b89a2f0e7aca0a3c42419c68acd15"
  name = "github.com/Bowery/prompt"
  packages = ["."]
  pruneopts = "UT"
  revision = "972d0ceb96f55132a1ba9714cb771ce19b3821ab"

[[projects]]
  digest = "1:31e761d97c76151dde79e9d28964a812c46efc5baee4085b86f68f0c654450de"
  name = "github.com/konsorten/go-windows-terminal-sequences"
  packages = ["."]
  pruneopts = "UT"
  revision = "f55edac94c9bbba5d6182a4be46d86a2c9b5b50e"
  version = "v1.0.2"

[[projects]]
  digest = "1:d07571e9c31918ae15bc200402774f84fa7f277ac77c8d61e523a268bc43c0ff"
  name = "github.com/labstack/gommon"
  packages = ["color"]
  pruneopts = "UT"
  revision = "7fd9f68ece0bcb1a905fac8f1549f0083f71c51b"
  version = "v0.2.8"

[[projects]]
  digest = "1:7c084e0e780596dd2a7e20d25803909a9a43689c153de953520dfbc0b0e51166"
  name = "github.com/mattn/go-colorable"
  packages = ["."]
  pruneopts = "UT"
  revision = "8029fb3788e5a4a9c00e415f586a6d033f5d38b3"
  version = "v0.1.2"

[[projects]]
  digest = "1:9b90c7639a41697f3d4ad12d7d67dfacc9a7a4a6e0bbfae4fc72d0da57c28871"
  name = "github.com/mattn/go-isatty"
  packages = ["."]
  pruneopts = "UT"
  revision = "1311e847b0cb909da63b5fecfb5370aa66236465"
  version = "v0.0.8"

[[projects]]
  digest = "1:d4d361fde161def6e2552438c2a28af0f461d82d6244927aad826b40211656f7"
  name = "github.com/mkideal/cli"
  packages = ["."]
  pruneopts = "UT"
  revision = "41df2d00b0edfa4614da67cf68f41df9d4e55539"
  version = "v0.0.3"

[[projects]]
  branch = "master"
  digest = "1:f477bea47946da1ef5ed514555c603cc29101dfc1d9acedaa9df60847158683f"
  name = "github.com/mkideal/pkg"
  packages = [
    "debug",
    "expr",
  ]
  pruneopts = "UT"
  revision = "3e188c9e7ecc83d0fe7040a9161ce3c67885470d"

[[projects]]
  digest = "1:04457f9f6f3ffc5fea48e71d62f2ca256637dee0a04d710288e27e05c8b41976"
  name = "github.com/sirupsen/logrus"
  packages = ["."]
  pruneopts = "UT"
  revision = "839c75faf7f98a33d445d181f3018b5c3409a45e"
  version = "v1.4.2"

[[projects]]
  branch = "master"
  digest = "1:668e8c66b8895d69391429b0f64a72c35603c94f364c94d4e5fab5053d57a0b6"
  name = "golang.org/x/sys"
  packages = ["unix"]
  pruneopts = "UT"
  revision = "ad28b68e88f12448a1685d038ffea87bbbb34148"

[solve-meta]
  analyzer-name = "dep"
  analyzer-version = 1
  input-imports = [
    "github.com/mkideal/cli",
    "github.com/sirupsen/logrus",
  ]
  solver-name = "gps-cdcl"
  solver-version = 1
